
Microsoft Visual Studio Solution File, Format Version 12.00
# Visual Studio Express 2012 for Windows Desktop
Project("{FAE04EC0-301F-11D3-BF4B-00C04F79EFBC}") = "Radio", "Radio.csproj", "{1152163C-21A1-4559-BDAE-A96164FACE8C}"
EndProject
Project("{FAE04EC0-301F-11D3-BF4B-00C04F79EFBC}") = "NRCU", "Stations\NRCU\NRCU.csproj", "{CA12B068-9A40-4CA4-AC9A-E1A2EAD9396E}"
EndProject
Project("{FAE04EC0-301F-11D3-BF4B-00C04F79EFBC}") = "LR", "Stations\LR\LR.csproj", "{E379E6C7-B1E1-4F91-9756-F3C0144C4ACB}"
EndProject
Project("{FAE04EC0-301F-11D3-BF4B-00C04F79EFBC}") = "101", "Stations\101\101.csproj", "{C06EB3CC-64D4-4CA3-A18D-F63C902B504E}"
EndProject
Project("{FAE04EC0-301F-11D3-BF4B-00C04F79EFBC}") = "SWH", "Stations\SWH\SWH.csproj", "{010EE625-91F2-4F69-83AF-E7881010BD5B}"
EndProject
Project("{FAE04EC0-301F-11D3-BF4B-00C04F79EFBC}") = "Riga", "Stations\Riga\Riga.csproj", "{113E9FC6-0BB0-4FC8-891A-76FD063C0535}"
EndProject
Project("{FAE04EC0-301F-11D3-BF4B-00C04F79EFBC}") = "Rus", "Stations\Rus\Rus.csproj", "{E8DC2B1A-63BB-499A-BA34-D146CCFC893A}"
EndProject
Project("{FAE04EC0-301F-11D3-BF4B-00C04F79EFBC}") = "BBC", "Stations\BBC\BBC.csproj", "{A93515BD-E4D8-43B0-9A35-974BDB2A6818}"
EndProject
Project("{FAE04EC0-301F-11D3-BF4B-00C04F79EFBC}") = "Retro", "Stations\Retro\Retro.csproj", "{80D7CE97-A25C-4431-8D79-1CECA582FC7A}"
EndProject
Project("{FAE04EC0-301F-11D3-BF4B-00C04F79EFBC}") = "Rai", "Stations\Rai\Rai.csproj", "{A79AAA9B-D87D-4D96-8467-EA0537478B88}"
EndProject
Project("{FAE04EC0-301F-11D3-BF4B-00C04F79EFBC}") = "Euronews", "Stations\Euronews\Euronews.csproj", "{E6EC4C0F-F0B3-42EF-9DD6-5CC2559E9642}"
EndProject
Project("{FAE04EC0-301F-11D3-BF4B-00C04F79EFBC}") = "Super", "Stations\Super\Super.csproj", "{40B970EC-111A-4D0E-AA6F-BB07D087DC3C}"
EndProject
Project("{FAE04EC0-301F-11D3-BF4B-00C04F79EFBC}") = "Misc", "Stations\Misc\Misc.csproj", "{0B52563F-A943-4C16-BE5F-A939890F57A1}"
EndProject
Project("{FAE04EC0-301F-11D3-BF4B-00C04F79EFBC}") = "Eurovision", "Stations\Eurovision\Eurovision.csproj", "{BD747780-6162-4F83-8BCE-BE864C67668C}"
EndProject
Project("{2150E333-8FDC-42A3-9474-1A3956D46DE8}") = ".nuget", ".nuget", "{EDCC504D-3754-4FEA-81F2-A1B8CC227398}"
	ProjectSection(SolutionItems) = preProject
		.nuget\NuGet.Config = .nuget\NuGet.Config
		.nuget\NuGet.targets = .nuget\NuGet.targets
	EndProjectSection
EndProject
Global
	GlobalSection(SolutionConfigurationPlatforms) = preSolution
		Debug|Any CPU = Debug|Any CPU
		Release|Any CPU = Release|Any CPU
	EndGlobalSection
	GlobalSection(ProjectConfigurationPlatforms) = postSolution
		{1152163C-21A1-4559-BDAE-A96164FACE8C}.Debug|Any CPU.ActiveCfg = Debug|Any CPU
		{1152163C-21A1-4559-BDAE-A96164FACE8C}.Debug|Any CPU.Build.0 = Debug|Any CPU
		{1152163C-21A1-4559-BDAE-A96164FACE8C}.Release|Any CPU.ActiveCfg = Release|Any CPU
		{1152163C-21A1-4559-BDAE-A96164FACE8C}.Release|Any CPU.Build.0 = Release|Any CPU
		{CA12B068-9A40-4CA4-AC9A-E1A2EAD9396E}.Debug|Any CPU.ActiveCfg = Debug|Any CPU
		{CA12B068-9A40-4CA4-AC9A-E1A2EAD9396E}.Debug|Any CPU.Build.0 = Debug|Any CPU
		{CA12B068-9A40-4CA4-AC9A-E1A2EAD9396E}.Release|Any CPU.ActiveCfg = Release|Any CPU
		{CA12B068-9A40-4CA4-AC9A-E1A2EAD9396E}.Release|Any CPU.Build.0 = Release|Any CPU
		{E379E6C7-B1E1-4F91-9756-F3C0144C4ACB}.Debug|Any CPU.ActiveCfg = Debug|Any CPU
		{E379E6C7-B1E1-4F91-9756-F3C0144C4ACB}.Debug|Any CPU.Build.0 = Debug|Any CPU
		{E379E6C7-B1E1-4F91-9756-F3C0144C4ACB}.Release|Any CPU.ActiveCfg = Release|Any CPU
		{E379E6C7-B1E1-4F91-9756-F3C0144C4ACB}.Release|Any CPU.Build.0 = Release|Any CPU
		{C06EB3CC-64D4-4CA3-A18D-F63C902B504E}.Debug|Any CPU.ActiveCfg = Debug|Any CPU
		{C06EB3CC-64D4-4CA3-A18D-F63C902B504E}.Debug|Any CPU.Build.0 = Debug|Any CPU
		{C06EB3CC-64D4-4CA3-A18D-F63C902B504E}.Release|Any CPU.ActiveCfg = Release|Any CPU
		{C06EB3CC-64D4-4CA3-A18D-F63C902B504E}.Release|Any CPU.Build.0 = Release|Any CPU
		{010EE625-91F2-4F69-83AF-E7881010BD5B}.Debug|Any CPU.ActiveCfg = Debug|Any CPU
		{010EE625-91F2-4F69-83AF-E7881010BD5B}.Debug|Any CPU.Build.0 = Debug|Any CPU
		{010EE625-91F2-4F69-83AF-E7881010BD5B}.Release|Any CPU.ActiveCfg = Release|Any CPU
		{010EE625-91F2-4F69-83AF-E7881010BD5B}.Release|Any CPU.Build.0 = Release|Any CPU
		{113E9FC6-0BB0-4FC8-891A-76FD063C0535}.Debug|Any CPU.ActiveCfg = Debug|Any CPU
		{113E9FC6-0BB0-4FC8-891A-76FD063C0535}.Debug|Any CPU.Build.0 = Debug|Any CPU
		{113E9FC6-0BB0-4FC8-891A-76FD063C0535}.Release|Any CPU.ActiveCfg = Release|Any CPU
		{113E9FC6-0BB0-4FC8-891A-76FD063C0535}.Release|Any CPU.Build.0 = Release|Any CPU
		{E8DC2B1A-63BB-499A-BA34-D146CCFC893A}.Debug|Any CPU.ActiveCfg = Debug|Any CPU
		{E8DC2B1A-63BB-499A-BA34-D146CCFC893A}.Debug|Any CPU.Build.0 = Debug|Any CPU
		{E8DC2B1A-63BB-499A-BA34-D146CCFC893A}.Release|Any CPU.ActiveCfg = Release|Any CPU
		{E8DC2B1A-63BB-499A-BA34-D146CCFC893A}.Release|Any CPU.Build.0 = Release|Any CPU
		{A93515BD-E4D8-43B0-9A35-974BDB2A6818}.Debug|Any CPU.ActiveCfg = Debug|Any CPU
		{A93515BD-E4D8-43B0-9A35-974BDB2A6818}.Debug|Any CPU.Build.0 = Debug|Any CPU
		{A93515BD-E4D8-43B0-9A35-974BDB2A6818}.Release|Any CPU.ActiveCfg = Release|Any CPU
		{A93515BD-E4D8-43B0-9A35-974BDB2A6818}.Release|Any CPU.Build.0 = Release|Any CPU
		{80D7CE97-A25C-4431-8D79-1CECA582FC7A}.Debug|Any CPU.ActiveCfg = Debug|Any CPU
		{80D7CE97-A25C-4431-8D79-1CECA582FC7A}.Debug|Any CPU.Build.0 = Debug|Any CPU
		{80D7CE97-A25C-4431-8D79-1CECA582FC7A}.Release|Any CPU.ActiveCfg = Release|Any CPU
		{80D7CE97-A25C-4431-8D79-1CECA582FC7A}.Release|Any CPU.Build.0 = Release|Any CPU
		{A79AAA9B-D87D-4D96-8467-EA0537478B88}.Debug|Any CPU.ActiveCfg = Debug|Any CPU
		{A79AAA9B-D87D-4D96-8467-EA0537478B88}.Debug|Any CPU.Build.0 = Debug|Any CPU
		{A79AAA9B-D87D-4D96-8467-EA0537478B88}.Release|Any CPU.ActiveCfg = Release|Any CPU
		{A79AAA9B-D87D-4D96-8467-EA0537478B88}.Release|Any CPU.Build.0 = Release|Any CPU
		{E6EC4C0F-F0B3-42EF-9DD6-5CC2559E9642}.Debug|Any CPU.ActiveCfg = Debug|Any CPU
		{E6EC4C0F-F0B3-42EF-9DD6-5CC2559E9642}.Debug|Any CPU.Build.0 = Debug|Any CPU
		{E6EC4C0F-F0B3-42EF-9DD6-5CC2559E9642}.Release|Any CPU.ActiveCfg = Release|Any CPU
		{E6EC4C0F-F0B3-42EF-9DD6-5CC2559E9642}.Release|Any CPU.Build.0 = Release|Any CPU
		{40B970EC-111A-4D0E-AA6F-BB07D087DC3C}.Debug|Any CPU.ActiveCfg = Debug|Any CPU
		{40B970EC-111A-4D0E-AA6F-BB07D087DC3C}.Debug|Any CPU.Build.0 = Debug|Any CPU
		{40B970EC-111A-4D0E-AA6F-BB07D087DC3C}.Release|Any CPU.ActiveCfg = Release|Any CPU
		{40B970EC-111A-4D0E-AA6F-BB07D087DC3C}.Release|Any CPU.Build.0 = Release|Any CPU
		{0B52563F-A943-4C16-BE5F-A939890F57A1}.Debug|Any CPU.ActiveCfg = Debug|Any CPU
		{0B52563F-A943-4C16-BE5F-A939890F57A1}.Debug|Any CPU.Build.0 = Debug|Any CPU
		{0B52563F-A943-4C16-BE5F-A939890F57A1}.Release|Any CPU.ActiveCfg = Release|Any CPU
		{0B52563F-A943-4C16-BE5F-A939890F57A1}.Release|Any CPU.Build.0 = Release|Any CPU
		{BD747780-6162-4F83-8BCE-BE864C67668C}.Debug|Any CPU.ActiveCfg = Debug|Any CPU
		{BD747780-6162-4F83-8BCE-BE864C67668C}.Debug|Any CPU.Build.0 = Debug|Any CPU
		{BD747780-6162-4F83-8BCE-BE864C67668C}.Release|Any CPU.ActiveCfg = Release|Any CPU
		{BD747780-6162-4F83-8BCE-BE864C67668C}.Release|Any CPU.Build.0 = Release|Any CPU
	EndGlobalSection
	GlobalSection(SolutionProperties) = preSolution
		HideSolutionNode = FALSE
	EndGlobalSection
EndGlobal
